
Microsoft Visual Studio Solution File, Format Version 12.00
# Visual Studio Version 17
VisualStudioVersion = 17.13.35919.96 d17.13
MinimumVisualStudioVersion = 10.0.40219.1
Project("{FAE04EC0-301F-11D3-BF4B-00C04F79EFBC}") = "ProyectoMDGSharksWeb", "ProyectoMDGSharksWeb.csproj", "{AC6A2AF8-6BB2-4241-893F-0B91F1AD4062}"
EndProject
Global
	GlobalSection(SolutionConfigurationPlatforms) = preSolution
		Debug|Any CPU = Debug|Any CPU
		Release|Any CPU = Release|Any CPU
	EndGlobalSection
	GlobalSection(ProjectConfigurationPlatforms) = postSolution
		{AC6A2AF8-6BB2-4241-893F-0B91F1AD4062}.Debug|Any CPU.ActiveCfg = Debug|Any CPU
		{AC6A2AF8-6BB2-4241-893F-0B91F1AD4062}.Debug|Any CPU.Build.0 = Debug|Any CPU
		{AC6A2AF8-6BB2-4241-893F-0B91F1AD4062}.Release|Any CPU.ActiveCfg = Release|Any CPU
		{AC6A2AF8-6BB2-4241-893F-0B91F1AD4062}.Release|Any CPU.Build.0 = Release|Any CPU
	EndGlobalSection
	GlobalSection(SolutionProperties) = preSolution
		HideSolutionNode = FALSE
	EndGlobalSection
	GlobalSection(ExtensibilityGlobals) = postSolution
		SolutionGuid = {FBD53589-C801-4D46-AEFF-A6067A823EAD}
	EndGlobalSection
EndGlobal
